
Microsoft Visual Studio Solution File, Format Version 12.00
# Visual Studio Version 16
VisualStudioVersion = 16.0.30225.117
MinimumVisualStudioVersion = 15.0.26124.0
Project("{9A19103F-16F7-4668-BE54-9A1E7A4F7556}") = "Calculator", "Calculator\Calculator.csproj", "{3D0CDBF9-D902-41FC-B40C-EFCA608E0DC1}"
EndProject
Project("{FAE04EC0-301F-11D3-BF4B-00C04F79EFBC}") = "XUnitTestProject1", "XUnitTestProject1\XUnitTestProject1.csproj", "{718466DE-BD1D-419A-8767-47DC5D71896A}"
EndProject
Global
	GlobalSection(SolutionConfigurationPlatforms) = preSolution
		Debug|Any CPU = Debug|Any CPU
		Debug|x64 = Debug|x64
		Debug|x86 = Debug|x86
		Release|Any CPU = Release|Any CPU
		Release|x64 = Release|x64
		Release|x86 = Release|x86
	EndGlobalSection
	GlobalSection(ProjectConfigurationPlatforms) = postSolution
		{3D0CDBF9-D902-41FC-B40C-EFCA608E0DC1}.Debug|Any CPU.ActiveCfg = Debug|Any CPU
		{3D0CDBF9-D902-41FC-B40C-EFCA608E0DC1}.Debug|Any CPU.Build.0 = Debug|Any CPU
		{3D0CDBF9-D902-41FC-B40C-EFCA608E0DC1}.Debug|x64.ActiveCfg = Debug|Any CPU
		{3D0CDBF9-D902-41FC-B40C-EFCA608E0DC1}.Debug|x64.Build.0 = Debug|Any CPU
		{3D0CDBF9-D902-41FC-B40C-EFCA608E0DC1}.Debug|x86.ActiveCfg = Debug|Any CPU
		{3D0CDBF9-D902-41FC-B40C-EFCA608E0DC1}.Debug|x86.Build.0 = Debug|Any CPU
		{3D0CDBF9-D902-41FC-B40C-EFCA608E0DC1}.Release|Any CPU.ActiveCfg = Release|Any CPU
		{3D0CDBF9-D902-41FC-B40C-EFCA608E0DC1}.Release|Any CPU.Build.0 = Release|Any CPU
		{3D0CDBF9-D902-41FC-B40C-EFCA608E0DC1}.Release|x64.ActiveCfg = Release|Any CPU
		{3D0CDBF9-D902-41FC-B40C-EFCA608E0DC1}.Release|x64.Build.0 = Release|Any CPU
		{3D0CDBF9-D902-41FC-B40C-EFCA608E0DC1}.Release|x86.ActiveCfg = Release|Any CPU
		{3D0CDBF9-D902-41FC-B40C-EFCA608E0DC1}.Release|x86.Build.0 = Release|Any CPU
		{718466DE-BD1D-419A-8767-47DC5D71896A}.Debug|Any CPU.ActiveCfg = Debug|Any CPU
		{718466DE-BD1D-419A-8767-47DC5D71896A}.Debug|Any CPU.Build.0 = Debug|Any CPU
		{718466DE-BD1D-419A-8767-47DC5D71896A}.Debug|x64.ActiveCfg = Debug|Any CPU
		{718466DE-BD1D-419A-8767-47DC5D71896A}.Debug|x64.Build.0 = Debug|Any CPU
		{718466DE-BD1D-419A-8767-47DC5D71896A}.Debug|x86.ActiveCfg = Debug|Any CPU
		{718466DE-BD1D-419A-8767-47DC5D71896A}.Debug|x86.Build.0 = Debug|Any CPU
		{718466DE-BD1D-419A-8767-47DC5D71896A}.Release|Any CPU.ActiveCfg = Release|Any CPU
		{718466DE-BD1D-419A-8767-47DC5D71896A}.Release|Any CPU.Build.0 = Release|Any CPU
		{718466DE-BD1D-419A-8767-47DC5D71896A}.Release|x64.ActiveCfg = Release|Any CPU
		{718466DE-BD1D-419A-8767-47DC5D71896A}.Release|x64.Build.0 = Release|Any CPU
		{718466DE-BD1D-419A-8767-47DC5D71896A}.Release|x86.ActiveCfg = Release|Any CPU
		{718466DE-BD1D-419A-8767-47DC5D71896A}.Release|x86.Build.0 = Release|Any CPU
	EndGlobalSection
	GlobalSection(SolutionProperties) = preSolution
		HideSolutionNode = FALSE
	EndGlobalSection
	GlobalSection(ExtensibilityGlobals) = postSolution
		SolutionGuid = {0666A900-43CF-466D-BB1D-9F88186C4A0A}
	EndGlobalSection
EndGlobal
