
Microsoft Visual Studio Solution File, Format Version 12.00
# Visual Studio Version 16
VisualStudioVersion = 16.0.30104.148
MinimumVisualStudioVersion = 15.0.26124.0
Project("{9A19103F-16F7-4668-BE54-9A1E7A4F7556}") = "BusinessLogic.Tests", "BusinessLogic.Tests\BusinessLogic.Tests.csproj", "{01D8F0AA-5779-4E38-A9D2-037B7D2B080F}"
EndProject
Project("{9A19103F-16F7-4668-BE54-9A1E7A4F7556}") = "BusinessLogic", "BusinessLogic\BusinessLogic.csproj", "{E64DF131-5161-44F4-B9CC-1B0421E57BF6}"
EndProject
Global
	GlobalSection(SolutionConfigurationPlatforms) = preSolution
		Debug|Any CPU = Debug|Any CPU
		Debug|x64 = Debug|x64
		Debug|x86 = Debug|x86
		Release|Any CPU = Release|Any CPU
		Release|x64 = Release|x64
		Release|x86 = Release|x86
	EndGlobalSection
	GlobalSection(ProjectConfigurationPlatforms) = postSolution
		{01D8F0AA-5779-4E38-A9D2-037B7D2B080F}.Debug|Any CPU.ActiveCfg = Debug|Any CPU
		{01D8F0AA-5779-4E38-A9D2-037B7D2B080F}.Debug|Any CPU.Build.0 = Debug|Any CPU
		{01D8F0AA-5779-4E38-A9D2-037B7D2B080F}.Debug|x64.ActiveCfg = Debug|Any CPU
		{01D8F0AA-5779-4E38-A9D2-037B7D2B080F}.Debug|x64.Build.0 = Debug|Any CPU
		{01D8F0AA-5779-4E38-A9D2-037B7D2B080F}.Debug|x86.ActiveCfg = Debug|Any CPU
		{01D8F0AA-5779-4E38-A9D2-037B7D2B080F}.Debug|x86.Build.0 = Debug|Any CPU
		{01D8F0AA-5779-4E38-A9D2-037B7D2B080F}.Release|Any CPU.ActiveCfg = Release|Any CPU
		{01D8F0AA-5779-4E38-A9D2-037B7D2B080F}.Release|Any CPU.Build.0 = Release|Any CPU
		{01D8F0AA-5779-4E38-A9D2-037B7D2B080F}.Release|x64.ActiveCfg = Release|Any CPU
		{01D8F0AA-5779-4E38-A9D2-037B7D2B080F}.Release|x64.Build.0 = Release|Any CPU
		{01D8F0AA-5779-4E38-A9D2-037B7D2B080F}.Release|x86.ActiveCfg = Release|Any CPU
		{01D8F0AA-5779-4E38-A9D2-037B7D2B080F}.Release|x86.Build.0 = Release|Any CPU
		{E64DF131-5161-44F4-B9CC-1B0421E57BF6}.Debug|Any CPU.ActiveCfg = Debug|Any CPU
		{E64DF131-5161-44F4-B9CC-1B0421E57BF6}.Debug|Any CPU.Build.0 = Debug|Any CPU
		{E64DF131-5161-44F4-B9CC-1B0421E57BF6}.Debug|x64.ActiveCfg = Debug|Any CPU
		{E64DF131-5161-44F4-B9CC-1B0421E57BF6}.Debug|x64.Build.0 = Debug|Any CPU
		{E64DF131-5161-44F4-B9CC-1B0421E57BF6}.Debug|x86.ActiveCfg = Debug|Any CPU
		{E64DF131-5161-44F4-B9CC-1B0421E57BF6}.Debug|x86.Build.0 = Debug|Any CPU
		{E64DF131-5161-44F4-B9CC-1B0421E57BF6}.Release|Any CPU.ActiveCfg = Release|Any CPU
		{E64DF131-5161-44F4-B9CC-1B0421E57BF6}.Release|Any CPU.Build.0 = Release|Any CPU
		{E64DF131-5161-44F4-B9CC-1B0421E57BF6}.Release|x64.ActiveCfg = Release|Any CPU
		{E64DF131-5161-44F4-B9CC-1B0421E57BF6}.Release|x64.Build.0 = Release|Any CPU
		{E64DF131-5161-44F4-B9CC-1B0421E57BF6}.Release|x86.ActiveCfg = Release|Any CPU
		{E64DF131-5161-44F4-B9CC-1B0421E57BF6}.Release|x86.Build.0 = Release|Any CPU
	EndGlobalSection
	GlobalSection(SolutionProperties) = preSolution
		HideSolutionNode = FALSE
	EndGlobalSection
	GlobalSection(ExtensibilityGlobals) = postSolution
		SolutionGuid = {3B323641-6FD2-4604-8BEC-5BE95D5953EF}
	EndGlobalSection
EndGlobal
